
Microsoft Visual Studio Solution File, Format Version 12.00
# Visual Studio Version 16
VisualStudioVersion = 16.0.29020.237
MinimumVisualStudioVersion = 10.0.40219.1
Project("{FAE04EC0-301F-11D3-BF4B-00C04F79EFBC}") = "Clinic8", "Clinic8\Clinic8.csproj", "{B15622F4-8642-4E33-94EA-7CBC4D86AB21}"
EndProject
Global
	GlobalSection(SolutionConfigurationPlatforms) = preSolution
		Debug|Any CPU = Debug|Any CPU
		Release|Any CPU = Release|Any CPU
	EndGlobalSection
	GlobalSection(ProjectConfigurationPlatforms) = postSolution
		{B15622F4-8642-4E33-94EA-7CBC4D86AB21}.Debug|Any CPU.ActiveCfg = Debug|Any CPU
		{B15622F4-8642-4E33-94EA-7CBC4D86AB21}.Debug|Any CPU.Build.0 = Debug|Any CPU
		{B15622F4-8642-4E33-94EA-7CBC4D86AB21}.Release|Any CPU.ActiveCfg = Release|Any CPU
		{B15622F4-8642-4E33-94EA-7CBC4D86AB21}.Release|Any CPU.Build.0 = Release|Any CPU
	EndGlobalSection
	GlobalSection(SolutionProperties) = preSolution
		HideSolutionNode = FALSE
	EndGlobalSection
	GlobalSection(ExtensibilityGlobals) = postSolution
		SolutionGuid = {E88A7ED2-E1B0-4A85-B3F3-4EF2479FD0BE}
	EndGlobalSection
EndGlobal
